
Microsoft Visual Studio Solution File, Format Version 12.00
# Visual Studio 15
Project("{FAE04EC0-301F-11D3-BF4B-00C04F79EFBC}") = "Assembly-CSharp", "Assembly-CSharp.csproj", "{28B0F848-25F7-9101-5863-D2867AE44F2B}"
EndProject
Project("{FAE04EC0-301F-11D3-BF4B-00C04F79EFBC}") = "Assembly-CSharp-firstpass", "Assembly-CSharp-firstpass.csproj", "{0CB6F324-5225-FD5B-53E5-F977CA098DBB}"
EndProject
Global
	GlobalSection(SolutionConfigurationPlatforms) = preSolution
		Debug|Any CPU = Debug|Any CPU
		Release|Any CPU = Release|Any CPU
	EndGlobalSection
	GlobalSection(ProjectConfigurationPlatforms) = postSolution
		{28B0F848-25F7-9101-5863-D2867AE44F2B}.Debug|Any CPU.ActiveCfg = Debug|Any CPU
		{28B0F848-25F7-9101-5863-D2867AE44F2B}.Debug|Any CPU.Build.0 = Debug|Any CPU
		{28B0F848-25F7-9101-5863-D2867AE44F2B}.Release|Any CPU.ActiveCfg = Release|Any CPU
		{28B0F848-25F7-9101-5863-D2867AE44F2B}.Release|Any CPU.Build.0 = Release|Any CPU
		{0CB6F324-5225-FD5B-53E5-F977CA098DBB}.Debug|Any CPU.ActiveCfg = Debug|Any CPU
		{0CB6F324-5225-FD5B-53E5-F977CA098DBB}.Debug|Any CPU.Build.0 = Debug|Any CPU
		{0CB6F324-5225-FD5B-53E5-F977CA098DBB}.Release|Any CPU.ActiveCfg = Release|Any CPU
		{0CB6F324-5225-FD5B-53E5-F977CA098DBB}.Release|Any CPU.Build.0 = Release|Any CPU
	EndGlobalSection
	GlobalSection(SolutionProperties) = preSolution
		HideSolutionNode = FALSE
	EndGlobalSection
EndGlobal
